// !$*UTF8*$!
{
	archiveVersion = 1;
	classes = {
	};
	objectVersion = 52;
	objects = {

/* Begin PBXBuildFile section */
		02AFF0C0263076BA00A44413 /* FotoCollectionViewCell.swift in Sources */ = {isa = PBXBuildFile; fileRef = 02AFF0BF263076BA00A44413 /* FotoCollectionViewCell.swift */; };
		4535E76E2618ACB60025F1A5 /* AppDelegate.swift in Sources */ = {isa = PBXBuildFile; fileRef = 4535E76D2618ACB60025F1A5 /* AppDelegate.swift */; };
		4535E7702618ACB60025F1A5 /* SceneDelegate.swift in Sources */ = {isa = PBXBuildFile; fileRef = 4535E76F2618ACB60025F1A5 /* SceneDelegate.swift */; };
		4535E7722618ACB60025F1A5 /* ViewController.swift in Sources */ = {isa = PBXBuildFile; fileRef = 4535E7712618ACB60025F1A5 /* ViewController.swift */; };
		4535E7752618ACB70025F1A5 /* Main.storyboard in Resources */ = {isa = PBXBuildFile; fileRef = 4535E7732618ACB70025F1A5 /* Main.storyboard */; };
		4535E7772618ACCA0025F1A5 /* Assets.xcassets in Resources */ = {isa = PBXBuildFile; fileRef = 4535E7762618ACCA0025F1A5 /* Assets.xcassets */; };
		4535E77A2618ACCA0025F1A5 /* LaunchScreen.storyboard in Resources */ = {isa = PBXBuildFile; fileRef = 4535E7782618ACCA0025F1A5 /* LaunchScreen.storyboard */; };
		4560957D26284B0B00115B00 /* User.swift in Sources */ = {isa = PBXBuildFile; fileRef = 4560957C26284B0B00115B00 /* User.swift */; };
		4560958026284BC400115B00 /* Group.swift in Sources */ = {isa = PBXBuildFile; fileRef = 4560957F26284BC400115B00 /* Group.swift */; };
		45800BCE26304DFE0035F601 /* AllGroupController.swift in Sources */ = {isa = PBXBuildFile; fileRef = 45800BCD26304DFD0035F601 /* AllGroupController.swift */; };
		45800BD926304FB10035F601 /* FriendsTableViewController.swift in Sources */ = {isa = PBXBuildFile; fileRef = 45800BD826304FB10035F601 /* FriendsTableViewController.swift */; };
		45800BE0263052AB0035F601 /* MyGroupController.swift in Sources */ = {isa = PBXBuildFile; fileRef = 45800BDF263052AB0035F601 /* MyGroupController.swift */; };
		45800BF52630573E0035F601 /* FotoCollectionViewController.swift in Sources */ = {isa = PBXBuildFile; fileRef = 45800BF42630573E0035F601 /* FotoCollectionViewController.swift */; };
		45800C062630BF000035F601 /* FotoCollectionViewCell.xib in Resources */ = {isa = PBXBuildFile; fileRef = 45800C052630BF000035F601 /* FotoCollectionViewCell.xib */; };
		45A34C5D262F356600EC9EE2 /* TabBarController.swift in Sources */ = {isa = PBXBuildFile; fileRef = 45A34C5C262F356600EC9EE2 /* TabBarController.swift */; };
		45A34C60262F367D00EC9EE2 /* DataStorage.swift in Sources */ = {isa = PBXBuildFile; fileRef = 45A34C5F262F367D00EC9EE2 /* DataStorage.swift */; };
		45A34C63262F372300EC9EE2 /* NewUser.swift in Sources */ = {isa = PBXBuildFile; fileRef = 45A34C62262F372300EC9EE2 /* NewUser.swift */; };
		45F48AD0263AEB9200D7142D /* FriendsTableViewCell.swift in Sources */ = {isa = PBXBuildFile; fileRef = 45F48ACE263AEB9200D7142D /* FriendsTableViewCell.swift */; };
		F41434F1272F017A00501391 /* Session.swift in Sources */ = {isa = PBXBuildFile; fileRef = F41434F0272F017A00501391 /* Session.swift */; };
		F41434F3272F01A200501391 /* FriendsAPI.swift in Sources */ = {isa = PBXBuildFile; fileRef = F41434F2272F01A200501391 /* FriendsAPI.swift */; };
		F41434F5272F01C500501391 /* GroupsAPI.swift in Sources */ = {isa = PBXBuildFile; fileRef = F41434F4272F01C500501391 /* GroupsAPI.swift */; };
		F41434F7272F024800501391 /* PhotosAPI.swift in Sources */ = {isa = PBXBuildFile; fileRef = F41434F6272F024800501391 /* PhotosAPI.swift */; };
		F41435062731CE7100501391 /* SwiftyJSON in Frameworks */ = {isa = PBXBuildFile; productRef = F41435052731CE7100501391 /* SwiftyJSON */; };
		F41435092731CFD800501391 /* VKGroupsViewController.swift in Sources */ = {isa = PBXBuildFile; fileRef = F41435082731CFD800501391 /* VKGroupsViewController.swift */; };
		F414350B2731CFFB00501391 /* VKPhotosViewController.swift in Sources */ = {isa = PBXBuildFile; fileRef = F414350A2731CFFB00501391 /* VKPhotosViewController.swift */; };
		F414350F2731D19400501391 /* Photos.swift in Sources */ = {isa = PBXBuildFile; fileRef = F414350E2731D19400501391 /* Photos.swift */; };
		F414351A2731F04C00501391 /* Excension.swift in Sources */ = {isa = PBXBuildFile; fileRef = F41435192731F04C00501391 /* Excension.swift */; };
		F42082B626DCF0C90070FE4D /* Post.swift in Sources */ = {isa = PBXBuildFile; fileRef = F42082B526DCF0C90070FE4D /* Post.swift */; };
		F4A9AD3C26E40C0C00838706 /* SearchHeaderView.swift in Sources */ = {isa = PBXBuildFile; fileRef = F4A9AD3B26E40C0C00838706 /* SearchHeaderView.swift */; };
		F4A9AD3F26E40C4800838706 /* FirstLetterHeaderView.swift in Sources */ = {isa = PBXBuildFile; fileRef = F4A9AD3E26E40C4800838706 /* FirstLetterHeaderView.swift */; };
		F4B24D092729702C0040550A /* FriendsTableViewCell.xib in Resources */ = {isa = PBXBuildFile; fileRef = F4B24D082729702C0040550A /* FriendsTableViewCell.xib */; };
		F4B24D0B2729718F0040550A /* NewsTableViewCell.xib in Resources */ = {isa = PBXBuildFile; fileRef = F4B24D0A2729718F0040550A /* NewsTableViewCell.xib */; };
		F4B24D11272973F70040550A /* LoadingViewController.swift in Sources */ = {isa = PBXBuildFile; fileRef = F4B24D10272973F70040550A /* LoadingViewController.swift */; };
		F4D3D1F326DAE165006C0FC2 /* NewsTableViewCell.swift in Sources */ = {isa = PBXBuildFile; fileRef = F4D3D1F126DAE165006C0FC2 /* NewsTableViewCell.swift */; };
		F4D3D1F826DAE258006C0FC2 /* NewsViewController.swift in Sources */ = {isa = PBXBuildFile; fileRef = F4D3D1F726DAE258006C0FC2 /* NewsViewController.swift */; };
		F4F24FCB2729DD6F00460EF6 /* Alamofire in Frameworks */ = {isa = PBXBuildFile; productRef = F4F24FCA2729DD6F00460EF6 /* Alamofire */; };
		F4F24FCD272A2E0300460EF6 /* AuthViewController.swift in Sources */ = {isa = PBXBuildFile; fileRef = F4F24FCC272A2E0300460EF6 /* AuthViewController.swift */; };
		F4F24FD1272A328600460EF6 /* VKFriendsViewController.swift in Sources */ = {isa = PBXBuildFile; fileRef = F4F24FD0272A328600460EF6 /* VKFriendsViewController.swift */; };
/* End PBXBuildFile section */

/* Begin PBXFileReference section */
		02AFF0BF263076BA00A44413 /* FotoCollectionViewCell.swift */ = {isa = PBXFileReference; lastKnownFileType = sourcecode.swift; path = FotoCollectionViewCell.swift; sourceTree = "<group>"; };
		4535E76A2618ACB50025F1A5 /* 2 Lesson 1.app */ = {isa = PBXFileReference; explicitFileType = wrapper.application; includeInIndex = 0; path = "2 Lesson 1.app"; sourceTree = BUILT_PRODUCTS_DIR; };
		4535E76D2618ACB60025F1A5 /* AppDelegate.swift */ = {isa = PBXFileReference; lastKnownFileType = sourcecode.swift; path = AppDelegate.swift; sourceTree = "<group>"; };
		4535E76F2618ACB60025F1A5 /* SceneDelegate.swift */ = {isa = PBXFileReference; lastKnownFileType = sourcecode.swift; path = SceneDelegate.swift; sourceTree = "<group>"; };
		4535E7712618ACB60025F1A5 /* ViewController.swift */ = {isa = PBXFileReference; lastKnownFileType = sourcecode.swift; path = ViewController.swift; sourceTree = "<group>"; };
		4535E7742618ACB70025F1A5 /* Base */ = {isa = PBXFileReference; lastKnownFileType = file.storyboard; name = Base; path = Base.lproj/Main.storyboard; sourceTree = "<group>"; };
		4535E7762618ACCA0025F1A5 /* Assets.xcassets */ = {isa = PBXFileReference; lastKnownFileType = folder.assetcatalog; path = Assets.xcassets; sourceTree = "<group>"; };
		4535E7792618ACCA0025F1A5 /* Base */ = {isa = PBXFileReference; lastKnownFileType = file.storyboard; name = Base; path = Base.lproj/LaunchScreen.storyboard; sourceTree = "<group>"; };
		4535E77B2618ACCA0025F1A5 /* Info.plist */ = {isa = PBXFileReference; lastKnownFileType = text.plist.xml; path = Info.plist; sourceTree = "<group>"; };
		4560957C26284B0B00115B00 /* User.swift */ = {isa = PBXFileReference; lastKnownFileType = sourcecode.swift; path = User.swift; sourceTree = "<group>"; };
		4560957F26284BC400115B00 /* Group.swift */ = {isa = PBXFileReference; lastKnownFileType = sourcecode.swift; path = Group.swift; sourceTree = "<group>"; };
		45800BCD26304DFD0035F601 /* AllGroupController.swift */ = {isa = PBXFileReference; lastKnownFileType = sourcecode.swift; path = AllGroupController.swift; sourceTree = "<group>"; };
		45800BD826304FB10035F601 /* FriendsTableViewController.swift */ = {isa = PBXFileReference; lastKnownFileType = sourcecode.swift; path = FriendsTableViewController.swift; sourceTree = "<group>"; };
		45800BDF263052AB0035F601 /* MyGroupController.swift */ = {isa = PBXFileReference; lastKnownFileType = sourcecode.swift; path = MyGroupController.swift; sourceTree = "<group>"; };
		45800BF42630573E0035F601 /* FotoCollectionViewController.swift */ = {isa = PBXFileReference; fileEncoding = 4; lastKnownFileType = sourcecode.swift; path = FotoCollectionViewController.swift; sourceTree = "<group>"; };
		45800C052630BF000035F601 /* FotoCollectionViewCell.xib */ = {isa = PBXFileReference; fileEncoding = 4; lastKnownFileType = file.xib; path = FotoCollectionViewCell.xib; sourceTree = "<group>"; };
		45A34C5C262F356600EC9EE2 /* TabBarController.swift */ = {isa = PBXFileReference; lastKnownFileType = sourcecode.swift; path = TabBarController.swift; sourceTree = "<group>"; };
		45A34C5F262F367D00EC9EE2 /* DataStorage.swift */ = {isa = PBXFileReference; lastKnownFileType = sourcecode.swift; path = DataStorage.swift; sourceTree = "<group>"; };
		45A34C62262F372300EC9EE2 /* NewUser.swift */ = {isa = PBXFileReference; lastKnownFileType = sourcecode.swift; path = NewUser.swift; sourceTree = "<group>"; };
		45F48ACE263AEB9200D7142D /* FriendsTableViewCell.swift */ = {isa = PBXFileReference; lastKnownFileType = sourcecode.swift; path = FriendsTableViewCell.swift; sourceTree = "<group>"; };
		F41434F0272F017A00501391 /* Session.swift */ = {isa = PBXFileReference; lastKnownFileType = sourcecode.swift; path = Session.swift; sourceTree = "<group>"; };
		F41434F2272F01A200501391 /* FriendsAPI.swift */ = {isa = PBXFileReference; lastKnownFileType = sourcecode.swift; path = FriendsAPI.swift; sourceTree = "<group>"; };
		F41434F4272F01C500501391 /* GroupsAPI.swift */ = {isa = PBXFileReference; lastKnownFileType = sourcecode.swift; path = GroupsAPI.swift; sourceTree = "<group>"; };
		F41434F6272F024800501391 /* PhotosAPI.swift */ = {isa = PBXFileReference; lastKnownFileType = sourcecode.swift; path = PhotosAPI.swift; sourceTree = "<group>"; };
		F41435082731CFD800501391 /* VKGroupsViewController.swift */ = {isa = PBXFileReference; lastKnownFileType = sourcecode.swift; path = VKGroupsViewController.swift; sourceTree = "<group>"; };
		F414350A2731CFFB00501391 /* VKPhotosViewController.swift */ = {isa = PBXFileReference; lastKnownFileType = sourcecode.swift; path = VKPhotosViewController.swift; sourceTree = "<group>"; };
		F414350E2731D19400501391 /* Photos.swift */ = {isa = PBXFileReference; lastKnownFileType = sourcecode.swift; path = Photos.swift; sourceTree = "<group>"; };
		F41435192731F04C00501391 /* Excension.swift */ = {isa = PBXFileReference; lastKnownFileType = sourcecode.swift; path = Excension.swift; sourceTree = "<group>"; };
		F42082B526DCF0C90070FE4D /* Post.swift */ = {isa = PBXFileReference; lastKnownFileType = sourcecode.swift; path = Post.swift; sourceTree = "<group>"; };
		F4A9AD3B26E40C0C00838706 /* SearchHeaderView.swift */ = {isa = PBXFileReference; lastKnownFileType = sourcecode.swift; path = SearchHeaderView.swift; sourceTree = "<group>"; };
		F4A9AD3E26E40C4800838706 /* FirstLetterHeaderView.swift */ = {isa = PBXFileReference; lastKnownFileType = sourcecode.swift; path = FirstLetterHeaderView.swift; sourceTree = "<group>"; };
		F4B24D082729702C0040550A /* FriendsTableViewCell.xib */ = {isa = PBXFileReference; fileEncoding = 4; lastKnownFileType = file.xib; path = FriendsTableViewCell.xib; sourceTree = "<group>"; };
		F4B24D0A2729718F0040550A /* NewsTableViewCell.xib */ = {isa = PBXFileReference; fileEncoding = 4; lastKnownFileType = file.xib; path = NewsTableViewCell.xib; sourceTree = "<group>"; };
		F4B24D10272973F70040550A /* LoadingViewController.swift */ = {isa = PBXFileReference; fileEncoding = 4; lastKnownFileType = sourcecode.swift; path = LoadingViewController.swift; sourceTree = "<group>"; };
		F4D3D1F126DAE165006C0FC2 /* NewsTableViewCell.swift */ = {isa = PBXFileReference; lastKnownFileType = sourcecode.swift; path = NewsTableViewCell.swift; sourceTree = "<group>"; };
		F4D3D1F726DAE258006C0FC2 /* NewsViewController.swift */ = {isa = PBXFileReference; lastKnownFileType = sourcecode.swift; path = NewsViewController.swift; sourceTree = "<group>"; };
		F4F24FCC272A2E0300460EF6 /* AuthViewController.swift */ = {isa = PBXFileReference; lastKnownFileType = sourcecode.swift; path = AuthViewController.swift; sourceTree = "<group>"; };
		F4F24FD0272A328600460EF6 /* VKFriendsViewController.swift */ = {isa = PBXFileReference; lastKnownFileType = sourcecode.swift; path = VKFriendsViewController.swift; sourceTree = "<group>"; };
/* End PBXFileReference section */

/* Begin PBXFrameworksBuildPhase section */
		4535E7672618ACB50025F1A5 /* Frameworks */ = {
			isa = PBXFrameworksBuildPhase;
			buildActionMask = 2147483647;
			files = (
				F41435062731CE7100501391 /* SwiftyJSON in Frameworks */,
				F4F24FCB2729DD6F00460EF6 /* Alamofire in Frameworks */,
			);
			runOnlyForDeploymentPostprocessing = 0;
		};
/* End PBXFrameworksBuildPhase section */

/* Begin PBXGroup section */
		4535E7612618ACB30025F1A5 = {
			isa = PBXGroup;
			children = (
				4535E76C2618ACB50025F1A5 /* 2 Lesson 1 */,
				4535E76B2618ACB50025F1A5 /* Products */,
			);
			sourceTree = "<group>";
		};
		4535E76B2618ACB50025F1A5 /* Products */ = {
			isa = PBXGroup;
			children = (
				4535E76A2618ACB50025F1A5 /* 2 Lesson 1.app */,
			);
			name = Products;
			sourceTree = "<group>";
		};
		4535E76C2618ACB50025F1A5 /* 2 Lesson 1 */ = {
			isa = PBXGroup;
			children = (
				4560957B262849C500115B00 /* Model */,
				45800BC726304C310035F601 /* Controllers */,
				F4B24D142729CA210040550A /* vk-api */,
				4535E7712618ACB60025F1A5 /* ViewController.swift */,
				45A34C5C262F356600EC9EE2 /* TabBarController.swift */,
				45A34C62262F372300EC9EE2 /* NewUser.swift */,
				F4B24D10272973F70040550A /* LoadingViewController.swift */,
				F4D3D1E526DAB08A006C0FC2 /* AppDelegate */,
				4535E7732618ACB70025F1A5 /* Main.storyboard */,
				4535E7782618ACCA0025F1A5 /* LaunchScreen.storyboard */,
				4535E7762618ACCA0025F1A5 /* Assets.xcassets */,
				4535E77B2618ACCA0025F1A5 /* Info.plist */,
			);
			path = "2 Lesson 1";
			sourceTree = "<group>";
		};
		4560957B262849C500115B00 /* Model */ = {
			isa = PBXGroup;
			children = (
				4560957C26284B0B00115B00 /* User.swift */,
				4560957F26284BC400115B00 /* Group.swift */,
				45A34C5F262F367D00EC9EE2 /* DataStorage.swift */,
				F42082B526DCF0C90070FE4D /* Post.swift */,
			);
			path = Model;
			sourceTree = "<group>";
		};
		45800BC726304C310035F601 /* Controllers */ = {
			isa = PBXGroup;
			children = (
				45800BCC26304CF80035F601 /* FriendsTableViewController */,
				45800BCB26304CCD0035F601 /* FotoCollectionViewController */,
				45800BCA26304CA20035F601 /* MyGroupController */,
				45800BC826304C5A0035F601 /* AllGroupController */,
				F4D3D1E626DADD77006C0FC2 /* NewsViewController */,
			);
			path = Controllers;
			sourceTree = "<group>";
		};
		45800BC826304C5A0035F601 /* AllGroupController */ = {
			isa = PBXGroup;
			children = (
				45800BCD26304DFD0035F601 /* AllGroupController.swift */,
			);
			path = AllGroupController;
			sourceTree = "<group>";
		};
		45800BCA26304CA20035F601 /* MyGroupController */ = {
			isa = PBXGroup;
			children = (
				45800BDF263052AB0035F601 /* MyGroupController.swift */,
			);
			path = MyGroupController;
			sourceTree = "<group>";
		};
		45800BCB26304CCD0035F601 /* FotoCollectionViewController */ = {
			isa = PBXGroup;
			children = (
				45800BF42630573E0035F601 /* FotoCollectionViewController.swift */,
				45800BE2263053AF0035F601 /* cells */,
			);
			path = FotoCollectionViewController;
			sourceTree = "<group>";
		};
		45800BCC26304CF80035F601 /* FriendsTableViewController */ = {
			isa = PBXGroup;
			children = (
				F4A9AD3A26E40BAA00838706 /* TableHeader */,
				F4A9AD3D26E40C1D00838706 /* SectionHeader */,
				45800BD126304F260035F601 /* cells */,
				45800BD826304FB10035F601 /* FriendsTableViewController.swift */,
				F4B24D082729702C0040550A /* FriendsTableViewCell.xib */,
			);
			path = FriendsTableViewController;
			sourceTree = "<group>";
		};
		45800BD126304F260035F601 /* cells */ = {
			isa = PBXGroup;
			children = (
				45F48ACE263AEB9200D7142D /* FriendsTableViewCell.swift */,
			);
			path = cells;
			sourceTree = "<group>";
		};
		45800BE2263053AF0035F601 /* cells */ = {
			isa = PBXGroup;
			children = (
				02AFF0BF263076BA00A44413 /* FotoCollectionViewCell.swift */,
				45800C052630BF000035F601 /* FotoCollectionViewCell.xib */,
			);
			name = cells;
			sourceTree = "<group>";
		};
		F41434EF272F016300501391 /* Services */ = {
			isa = PBXGroup;
			children = (
				F414350D2731D16A00501391 /* Modeles */,
				F41434F0272F017A00501391 /* Session.swift */,
				F41434F2272F01A200501391 /* FriendsAPI.swift */,
				F41434F4272F01C500501391 /* GroupsAPI.swift */,
				F41434F6272F024800501391 /* PhotosAPI.swift */,
			);
			path = Services;
			sourceTree = "<group>";
		};
		F41435072731CF9400501391 /* TabBarControllers */ = {
			isa = PBXGroup;
			children = (
				F41435182731F03200501391 /* Photo */,
				F4F24FD0272A328600460EF6 /* VKFriendsViewController.swift */,
				F41435082731CFD800501391 /* VKGroupsViewController.swift */,
			);
			path = TabBarControllers;
			sourceTree = "<group>";
		};
		F414350D2731D16A00501391 /* Modeles */ = {
			isa = PBXGroup;
			children = (
				F414350E2731D19400501391 /* Photos.swift */,
			);
			path = Modeles;
			sourceTree = "<group>";
		};
		F41435182731F03200501391 /* Photo */ = {
			isa = PBXGroup;
			children = (
				F414350A2731CFFB00501391 /* VKPhotosViewController.swift */,
				F41435192731F04C00501391 /* Excension.swift */,
			);
			path = Photo;
			sourceTree = "<group>";
		};
		F4A9AD3A26E40BAA00838706 /* TableHeader */ = {
			isa = PBXGroup;
			children = (
				F4A9AD3B26E40C0C00838706 /* SearchHeaderView.swift */,
			);
			path = TableHeader;
			sourceTree = "<group>";
		};
		F4A9AD3D26E40C1D00838706 /* SectionHeader */ = {
			isa = PBXGroup;
			children = (
				F4A9AD3E26E40C4800838706 /* FirstLetterHeaderView.swift */,
			);
			path = SectionHeader;
			sourceTree = "<group>";
		};
		F4B24D142729CA210040550A /* vk-api */ = {
			isa = PBXGroup;
			children = (
				F41434EF272F016300501391 /* Services */,
				F41435072731CF9400501391 /* TabBarControllers */,
				F4F24FCC272A2E0300460EF6 /* AuthViewController.swift */,
			);
			path = "vk-api";
			sourceTree = "<group>";
		};
		F4D3D1E526DAB08A006C0FC2 /* AppDelegate */ = {
			isa = PBXGroup;
			children = (
				4535E76F2618ACB60025F1A5 /* SceneDelegate.swift */,
				4535E76D2618ACB60025F1A5 /* AppDelegate.swift */,
			);
			path = AppDelegate;
			sourceTree = "<group>";
		};
		F4D3D1E626DADD77006C0FC2 /* NewsViewController */ = {
			isa = PBXGroup;
			children = (
				F4D3D1F026DADF9B006C0FC2 /* cells */,
				F4D3D1F726DAE258006C0FC2 /* NewsViewController.swift */,
			);
			path = NewsViewController;
			sourceTree = "<group>";
		};
		F4D3D1F026DADF9B006C0FC2 /* cells */ = {
			isa = PBXGroup;
			children = (
				F4D3D1F126DAE165006C0FC2 /* NewsTableViewCell.swift */,
				F4B24D0A2729718F0040550A /* NewsTableViewCell.xib */,
			);
			path = cells;
			sourceTree = "<group>";
		};
/* End PBXGroup section */

/* Begin PBXNativeTarget section */
		4535E7692618ACB50025F1A5 /* 2 Lesson 1 */ = {
			isa = PBXNativeTarget;
			buildConfigurationList = 4535E77E2618ACCA0025F1A5 /* Build configuration list for PBXNativeTarget "2 Lesson 1" */;
			buildPhases = (
				4535E7662618ACB50025F1A5 /* Sources */,
				4535E7672618ACB50025F1A5 /* Frameworks */,
				4535E7682618ACB50025F1A5 /* Resources */,
			);
			buildRules = (
			);
			dependencies = (
			);
			name = "2 Lesson 1";
			packageProductDependencies = (
				F4F24FCA2729DD6F00460EF6 /* Alamofire */,
				F41435052731CE7100501391 /* SwiftyJSON */,
			);
			productName = "2 Lesson 1";
			productReference = 4535E76A2618ACB50025F1A5 /* 2 Lesson 1.app */;
			productType = "com.apple.product-type.application";
		};
/* End PBXNativeTarget section */

/* Begin PBXProject section */
		4535E7622618ACB30025F1A5 /* Project object */ = {
			isa = PBXProject;
			attributes = {
				LastSwiftUpdateCheck = 1240;
				LastUpgradeCheck = 1240;
				TargetAttributes = {
					4535E7692618ACB50025F1A5 = {
						CreatedOnToolsVersion = 12.4;
						LastSwiftMigration = 1250;
					};
				};
			};
			buildConfigurationList = 4535E7652618ACB40025F1A5 /* Build configuration list for PBXProject "2 Lesson 1" */;
			compatibilityVersion = "Xcode 9.3";
			developmentRegion = en;
			hasScannedForEncodings = 0;
			knownRegions = (
				en,
				Base,
			);
			mainGroup = 4535E7612618ACB30025F1A5;
			packageReferences = (
				F4F24FC92729DD6F00460EF6 /* XCRemoteSwiftPackageReference "Alamofire" */,
				F41435042731CE7100501391 /* XCRemoteSwiftPackageReference "SwiftyJSON" */,
			);
			productRefGroup = 4535E76B2618ACB50025F1A5 /* Products */;
			projectDirPath = "";
			projectRoot = "";
			targets = (
				4535E7692618ACB50025F1A5 /* 2 Lesson 1 */,
			);
		};
/* End PBXProject section */

/* Begin PBXResourcesBuildPhase section */
		4535E7682618ACB50025F1A5 /* Resources */ = {
			isa = PBXResourcesBuildPhase;
			buildActionMask = 2147483647;
			files = (
				4535E77A2618ACCA0025F1A5 /* LaunchScreen.storyboard in Resources */,
				4535E7772618ACCA0025F1A5 /* Assets.xcassets in Resources */,
				F4B24D0B2729718F0040550A /* NewsTableViewCell.xib in Resources */,
				F4B24D092729702C0040550A /* FriendsTableViewCell.xib in Resources */,
				4535E7752618ACB70025F1A5 /* Main.storyboard in Resources */,
				45800C062630BF000035F601 /* FotoCollectionViewCell.xib in Resources */,
			);
			runOnlyForDeploymentPostprocessing = 0;
		};
/* End PBXResourcesBuildPhase section */

/* Begin PBXSourcesBuildPhase section */
		4535E7662618ACB50025F1A5 /* Sources */ = {
			isa = PBXSourcesBuildPhase;
			buildActionMask = 2147483647;
			files = (
				45800BF52630573E0035F601 /* FotoCollectionViewController.swift in Sources */,
				4560957D26284B0B00115B00 /* User.swift in Sources */,
				F4D3D1F326DAE165006C0FC2 /* NewsTableViewCell.swift in Sources */,
				F41435092731CFD800501391 /* VKGroupsViewController.swift in Sources */,
				45A34C63262F372300EC9EE2 /* NewUser.swift in Sources */,
				F42082B626DCF0C90070FE4D /* Post.swift in Sources */,
				F4F24FD1272A328600460EF6 /* VKFriendsViewController.swift in Sources */,
				45F48AD0263AEB9200D7142D /* FriendsTableViewCell.swift in Sources */,
				F414350B2731CFFB00501391 /* VKPhotosViewController.swift in Sources */,
				4535E7722618ACB60025F1A5 /* ViewController.swift in Sources */,
				45800BD926304FB10035F601 /* FriendsTableViewController.swift in Sources */,
				4535E76E2618ACB60025F1A5 /* AppDelegate.swift in Sources */,
				45A34C5D262F356600EC9EE2 /* TabBarController.swift in Sources */,
				F41434F7272F024800501391 /* PhotosAPI.swift in Sources */,
				F4F24FCD272A2E0300460EF6 /* AuthViewController.swift in Sources */,
				4560958026284BC400115B00 /* Group.swift in Sources */,
				F41434F5272F01C500501391 /* GroupsAPI.swift in Sources */,
				45A34C60262F367D00EC9EE2 /* DataStorage.swift in Sources */,
				45800BE0263052AB0035F601 /* MyGroupController.swift in Sources */,
				F4B24D11272973F70040550A /* LoadingViewController.swift in Sources */,
				F41434F3272F01A200501391 /* FriendsAPI.swift in Sources */,
				F414351A2731F04C00501391 /* Excension.swift in Sources */,
				02AFF0C0263076BA00A44413 /* FotoCollectionViewCell.swift in Sources */,
				4535E7702618ACB60025F1A5 /* SceneDelegate.swift in Sources */,
				F4A9AD3F26E40C4800838706 /* FirstLetterHeaderView.swift in Sources */,
				F414350F2731D19400501391 /* Photos.swift in Sources */,
				F41434F1272F017A00501391 /* Session.swift in Sources */,
				45800BCE26304DFE0035F601 /* AllGroupController.swift in Sources */,
				F4D3D1F826DAE258006C0FC2 /* NewsViewController.swift in Sources */,
				F4A9AD3C26E40C0C00838706 /* SearchHeaderView.swift in Sources */,
			);
			runOnlyForDeploymentPostprocessing = 0;
		};
/* End PBXSourcesBuildPhase section */

/* Begin PBXVariantGroup section */
		4535E7732618ACB70025F1A5 /* Main.storyboard */ = {
			isa = PBXVariantGroup;
			children = (
				4535E7742618ACB70025F1A5 /* Base */,
			);
			name = Main.storyboard;
			sourceTree = "<group>";
		};
		4535E7782618ACCA0025F1A5 /* LaunchScreen.storyboard */ = {
			isa = PBXVariantGroup;
			children = (
				4535E7792618ACCA0025F1A5 /* Base */,
			);
			name = LaunchScreen.storyboard;
			sourceTree = "<group>";
		};
/* End PBXVariantGroup section */

/* Begin XCBuildConfiguration section */
		4535E77C2618ACCA0025F1A5 /* Debug */ = {
			isa = XCBuildConfiguration;
			buildSettings = {
				ALWAYS_SEARCH_USER_PATHS = NO;
				CLANG_ANALYZER_NONNULL = YES;
				CLANG_ANALYZER_NUMBER_OBJECT_CONVERSION = YES_AGGRESSIVE;
				CLANG_CXX_LANGUAGE_STANDARD = "gnu++14";
				CLANG_CXX_LIBRARY = "libc++";
				CLANG_ENABLE_MODULES = YES;
				CLANG_ENABLE_OBJC_ARC = YES;
				CLANG_ENABLE_OBJC_WEAK = YES;
				CLANG_WARN_BLOCK_CAPTURE_AUTORELEASING = YES;
				CLANG_WARN_BOOL_CONVERSION = YES;
				CLANG_WARN_COMMA = YES;
				CLANG_WARN_CONSTANT_CONVERSION = YES;
				CLANG_WARN_DEPRECATED_OBJC_IMPLEMENTATIONS = YES;
				CLANG_WARN_DIRECT_OBJC_ISA_USAGE = YES_ERROR;
				CLANG_WARN_DOCUMENTATION_COMMENTS = YES;
				CLANG_WARN_EMPTY_BODY = YES;
				CLANG_WARN_ENUM_CONVERSION = YES;
				CLANG_WARN_INFINITE_RECURSION = YES;
				CLANG_WARN_INT_CONVERSION = YES;
				CLANG_WARN_NON_LITERAL_NULL_CONVERSION = YES;
				CLANG_WARN_OBJC_IMPLICIT_RETAIN_SELF = YES;
				CLANG_WARN_OBJC_LITERAL_CONVERSION = YES;
				CLANG_WARN_OBJC_ROOT_CLASS = YES_ERROR;
				CLANG_WARN_QUOTED_INCLUDE_IN_FRAMEWORK_HEADER = YES;
				CLANG_WARN_RANGE_LOOP_ANALYSIS = YES;
				CLANG_WARN_STRICT_PROTOTYPES = YES;
				CLANG_WARN_SUSPICIOUS_MOVE = YES;
				CLANG_WARN_UNGUARDED_AVAILABILITY = YES_AGGRESSIVE;
				CLANG_WARN_UNREACHABLE_CODE = YES;
				CLANG_WARN__DUPLICATE_METHOD_MATCH = YES;
				COPY_PHASE_STRIP = NO;
				DEBUG_INFORMATION_FORMAT = dwarf;
				ENABLE_STRICT_OBJC_MSGSEND = YES;
				ENABLE_TESTABILITY = YES;
				GCC_C_LANGUAGE_STANDARD = gnu11;
				GCC_DYNAMIC_NO_PIC = NO;
				GCC_NO_COMMON_BLOCKS = YES;
				GCC_OPTIMIZATION_LEVEL = 0;
				GCC_PREPROCESSOR_DEFINITIONS = (
					"DEBUG=1",
					"$(inherited)",
				);
				GCC_WARN_64_TO_32_BIT_CONVERSION = YES;
				GCC_WARN_ABOUT_RETURN_TYPE = YES_ERROR;
				GCC_WARN_UNDECLARED_SELECTOR = YES;
				GCC_WARN_UNINITIALIZED_AUTOS = YES_AGGRESSIVE;
				GCC_WARN_UNUSED_FUNCTION = YES;
				GCC_WARN_UNUSED_VARIABLE = YES;
				IPHONEOS_DEPLOYMENT_TARGET = 14.4;
				MTL_ENABLE_DEBUG_INFO = INCLUDE_SOURCE;
				MTL_FAST_MATH = YES;
				ONLY_ACTIVE_ARCH = YES;
				SDKROOT = iphoneos;
				SWIFT_ACTIVE_COMPILATION_CONDITIONS = DEBUG;
				SWIFT_OPTIMIZATION_LEVEL = "-Onone";
			};
			name = Debug;
		};
		4535E77D2618ACCA0025F1A5 /* Release */ = {
			isa = XCBuildConfiguration;
			buildSettings = {
				ALWAYS_SEARCH_USER_PATHS = NO;
				CLANG_ANALYZER_NONNULL = YES;
				CLANG_ANALYZER_NUMBER_OBJECT_CONVERSION = YES_AGGRESSIVE;
				CLANG_CXX_LANGUAGE_STANDARD = "gnu++14";
				CLANG_CXX_LIBRARY = "libc++";
				CLANG_ENABLE_MODULES = YES;
				CLANG_ENABLE_OBJC_ARC = YES;
				CLANG_ENABLE_OBJC_WEAK = YES;
				CLANG_WARN_BLOCK_CAPTURE_AUTORELEASING = YES;
				CLANG_WARN_BOOL_CONVERSION = YES;
				CLANG_WARN_COMMA = YES;
				CLANG_WARN_CONSTANT_CONVERSION = YES;
				CLANG_WARN_DEPRECATED_OBJC_IMPLEMENTATIONS = YES;
				CLANG_WARN_DIRECT_OBJC_ISA_USAGE = YES_ERROR;
				CLANG_WARN_DOCUMENTATION_COMMENTS = YES;
				CLANG_WARN_EMPTY_BODY = YES;
				CLANG_WARN_ENUM_CONVERSION = YES;
				CLANG_WARN_INFINITE_RECURSION = YES;
				CLANG_WARN_INT_CONVERSION = YES;
				CLANG_WARN_NON_LITERAL_NULL_CONVERSION = YES;
				CLANG_WARN_OBJC_IMPLICIT_RETAIN_SELF = YES;
				CLANG_WARN_OBJC_LITERAL_CONVERSION = YES;
				CLANG_WARN_OBJC_ROOT_CLASS = YES_ERROR;
				CLANG_WARN_QUOTED_INCLUDE_IN_FRAMEWORK_HEADER = YES;
				CLANG_WARN_RANGE_LOOP_ANALYSIS = YES;
				CLANG_WARN_STRICT_PROTOTYPES = YES;
				CLANG_WARN_SUSPICIOUS_MOVE = YES;
				CLANG_WARN_UNGUARDED_AVAILABILITY = YES_AGGRESSIVE;
				CLANG_WARN_UNREACHABLE_CODE = YES;
				CLANG_WARN__DUPLICATE_METHOD_MATCH = YES;
				COPY_PHASE_STRIP = NO;
				DEBUG_INFORMATION_FORMAT = "dwarf-with-dsym";
				ENABLE_NS_ASSERTIONS = NO;
				ENABLE_STRICT_OBJC_MSGSEND = YES;
				GCC_C_LANGUAGE_STANDARD = gnu11;
				GCC_NO_COMMON_BLOCKS = YES;
				GCC_WARN_64_TO_32_BIT_CONVERSION = YES;
				GCC_WARN_ABOUT_RETURN_TYPE = YES_ERROR;
				GCC_WARN_UNDECLARED_SELECTOR = YES;
				GCC_WARN_UNINITIALIZED_AUTOS = YES_AGGRESSIVE;
				GCC_WARN_UNUSED_FUNCTION = YES;
				GCC_WARN_UNUSED_VARIABLE = YES;
				IPHONEOS_DEPLOYMENT_TARGET = 14.4;
				MTL_ENABLE_DEBUG_INFO = NO;
				MTL_FAST_MATH = YES;
				SDKROOT = iphoneos;
				SWIFT_COMPILATION_MODE = wholemodule;
				SWIFT_OPTIMIZATION_LEVEL = "-O";
				VALIDATE_PRODUCT = YES;
			};
			name = Release;
		};
		4535E77F2618ACCA0025F1A5 /* Debug */ = {
			isa = XCBuildConfiguration;
			buildSettings = {
				ASSETCATALOG_COMPILER_APPICON_NAME = AppIcon;
				ASSETCATALOG_COMPILER_GLOBAL_ACCENT_COLOR_NAME = AccentColor;
				CLANG_ENABLE_MODULES = YES;
				CODE_SIGN_STYLE = Automatic;
				DEVELOPMENT_TEAM = 5AUW658N3T;
				INFOPLIST_FILE = "2 Lesson 1/Info.plist";
				LD_RUNPATH_SEARCH_PATHS = (
					"$(inherited)",
					"@executable_path/Frameworks",
				);
				PRODUCT_BUNDLE_IDENTIFIER = "Bogdan.--Lesson-1";
				PRODUCT_NAME = "$(TARGET_NAME)";
				SWIFT_OPTIMIZATION_LEVEL = "-Onone";
				SWIFT_VERSION = 5.0;
				TARGETED_DEVICE_FAMILY = "1,2";
			};
			name = Debug;
		};
		4535E7802618ACCA0025F1A5 /* Release */ = {
			isa = XCBuildConfiguration;
			buildSettings = {
				ASSETCATALOG_COMPILER_APPICON_NAME = AppIcon;
				ASSETCATALOG_COMPILER_GLOBAL_ACCENT_COLOR_NAME = AccentColor;
				CLANG_ENABLE_MODULES = YES;
				CODE_SIGN_STYLE = Automatic;
				DEVELOPMENT_TEAM = 5AUW658N3T;
				INFOPLIST_FILE = "2 Lesson 1/Info.plist";
				LD_RUNPATH_SEARCH_PATHS = (
					"$(inherited)",
					"@executable_path/Frameworks",
				);
				PRODUCT_BUNDLE_IDENTIFIER = "Bogdan.--Lesson-1";
				PRODUCT_NAME = "$(TARGET_NAME)";
				SWIFT_VERSION = 5.0;
				TARGETED_DEVICE_FAMILY = "1,2";
			};
			name = Release;
		};
/* End XCBuildConfiguration section */

/* Begin XCConfigurationList section */
		4535E7652618ACB40025F1A5 /* Build configuration list for PBXProject "2 Lesson 1" */ = {
			isa = XCConfigurationList;
			buildConfigurations = (
				4535E77C2618ACCA0025F1A5 /* Debug */,
				4535E77D2618ACCA0025F1A5 /* Release */,
			);
			defaultConfigurationIsVisible = 0;
			defaultConfigurationName = Release;
		};
		4535E77E2618ACCA0025F1A5 /* Build configuration list for PBXNativeTarget "2 Lesson 1" */ = {
			isa = XCConfigurationList;
			buildConfigurations = (
				4535E77F2618ACCA0025F1A5 /* Debug */,
				4535E7802618ACCA0025F1A5 /* Release */,
			);
			defaultConfigurationIsVisible = 0;
			defaultConfigurationName = Release;
		};
/* End XCConfigurationList section */

/* Begin XCRemoteSwiftPackageReference section */
		F41435042731CE7100501391 /* XCRemoteSwiftPackageReference "SwiftyJSON" */ = {
			isa = XCRemoteSwiftPackageReference;
			repositoryURL = "https://github.com/SwiftyJSON/SwiftyJSON.git";
			requirement = {
				branch = master;
				kind = branch;
			};
		};
		F4F24FC92729DD6F00460EF6 /* XCRemoteSwiftPackageReference "Alamofire" */ = {
			isa = XCRemoteSwiftPackageReference;
			repositoryURL = "https://github.com/Alamofire/Alamofire.git";
			requirement = {
				kind = upToNextMajorVersion;
				minimumVersion = 5.0.0;
			};
		};
/* End XCRemoteSwiftPackageReference section */

/* Begin XCSwiftPackageProductDependency section */
		F41435052731CE7100501391 /* SwiftyJSON */ = {
			isa = XCSwiftPackageProductDependency;
			package = F41435042731CE7100501391 /* XCRemoteSwiftPackageReference "SwiftyJSON" */;
			productName = SwiftyJSON;
		};
		F4F24FCA2729DD6F00460EF6 /* Alamofire */ = {
			isa = XCSwiftPackageProductDependency;
			package = F4F24FC92729DD6F00460EF6 /* XCRemoteSwiftPackageReference "Alamofire" */;
			productName = Alamofire;
		};
/* End XCSwiftPackageProductDependency section */
	};
	rootObject = 4535E7622618ACB30025F1A5 /* Project object */;
}
